// !$*UTF8*$!
{
	archiveVersion = 1;
	classes = {
	};
	objectVersion = 50;
	objects = {

/* Begin PBXBuildFile section */
		6CD82A0D22754B320076E35F /* MultiPeerDriver.swift in Sources */ = {isa = PBXBuildFile; fileRef = 6CD82A0C22754B320076E35F /* MultiPeerDriver.swift */; };
		6CD82A15227684C10076E35F /* QuizModel.swift in Sources */ = {isa = PBXBuildFile; fileRef = 6CD82A14227684C10076E35F /* QuizModel.swift */; };
		6CD82A1D2276A12C0076E35F /* MessegeCoder.swift in Sources */ = {isa = PBXBuildFile; fileRef = 6CD82A1C2276A12C0076E35F /* MessegeCoder.swift */; };
		6CD82A1F22779EF30076E35F /* QuestionMessageModel.swift in Sources */ = {isa = PBXBuildFile; fileRef = 6CD82A1E22779EF30076E35F /* QuestionMessageModel.swift */; };
		6CD82A212277A0050076E35F /* DiscussionPostModel.swift in Sources */ = {isa = PBXBuildFile; fileRef = 6CD82A202277A0050076E35F /* DiscussionPostModel.swift */; };
		6CD82A232277A0B30076E35F /* QuestionsTableVC.swift in Sources */ = {isa = PBXBuildFile; fileRef = 6CD82A222277A0B30076E35F /* QuestionsTableVC.swift */; };
		6CD82A252277A17B0076E35F /* Notifications.swift in Sources */ = {isa = PBXBuildFile; fileRef = 6CD82A242277A17B0076E35F /* Notifications.swift */; };
		6CD82A272277BF430076E35F /* QuestionPostCell.swift in Sources */ = {isa = PBXBuildFile; fileRef = 6CD82A262277BF430076E35F /* QuestionPostCell.swift */; };
		6CD82A292277C5920076E35F /* QuestionPostVC.swift in Sources */ = {isa = PBXBuildFile; fileRef = 6CD82A282277C5920076E35F /* QuestionPostVC.swift */; };
		6CD82A2E2277F0720076E35F /* EditQuizQuestionVC.swift in Sources */ = {isa = PBXBuildFile; fileRef = 6CD82A2D2277F0720076E35F /* EditQuizQuestionVC.swift */; };
		6CD82A302277F08C0076E35F /* QuizQuestionResultsVC.swift in Sources */ = {isa = PBXBuildFile; fileRef = 6CD82A2F2277F08C0076E35F /* QuizQuestionResultsVC.swift */; };
		6CD82A322277F0AC0076E35F /* QuizQuestionsTableVC.swift in Sources */ = {isa = PBXBuildFile; fileRef = 6CD82A312277F0AC0076E35F /* QuizQuestionsTableVC.swift */; };
		6CD82A342277F10E0076E35F /* QuizVC.swift in Sources */ = {isa = PBXBuildFile; fileRef = 6CD82A332277F10E0076E35F /* QuizVC.swift */; };
		6CD82A362277FF8D0076E35F /* ChildSegue.swift in Sources */ = {isa = PBXBuildFile; fileRef = 6CD82A352277FF8D0076E35F /* ChildSegue.swift */; };
		6CD82A38227804950076E35F /* QuizQuestionCell.swift in Sources */ = {isa = PBXBuildFile; fileRef = 6CD82A37227804950076E35F /* QuizQuestionCell.swift */; };
		7ACF7E7422741168006B8275 /* AppDelegate.swift in Sources */ = {isa = PBXBuildFile; fileRef = 7ACF7E7322741168006B8275 /* AppDelegate.swift */; };
		7ACF7E7622741168006B8275 /* ViewController.swift in Sources */ = {isa = PBXBuildFile; fileRef = 7ACF7E7522741168006B8275 /* ViewController.swift */; };
		7ACF7E7922741168006B8275 /* Main.storyboard in Resources */ = {isa = PBXBuildFile; fileRef = 7ACF7E7722741168006B8275 /* Main.storyboard */; };
		7ACF7E7B22741169006B8275 /* Assets.xcassets in Resources */ = {isa = PBXBuildFile; fileRef = 7ACF7E7A22741169006B8275 /* Assets.xcassets */; };
		7ACF7E7E22741169006B8275 /* LaunchScreen.storyboard in Resources */ = {isa = PBXBuildFile; fileRef = 7ACF7E7C22741169006B8275 /* LaunchScreen.storyboard */; };
/* End PBXBuildFile section */

/* Begin PBXFileReference section */
		6CD82A0C22754B320076E35F /* MultiPeerDriver.swift */ = {isa = PBXFileReference; lastKnownFileType = sourcecode.swift; path = MultiPeerDriver.swift; sourceTree = "<group>"; };
		6CD82A14227684C10076E35F /* QuizModel.swift */ = {isa = PBXFileReference; lastKnownFileType = sourcecode.swift; path = QuizModel.swift; sourceTree = "<group>"; };
		6CD82A1C2276A12C0076E35F /* MessegeCoder.swift */ = {isa = PBXFileReference; fileEncoding = 4; lastKnownFileType = sourcecode.swift; name = MessegeCoder.swift; path = ../../StudentApp/StudentApp/MessegeCoder.swift; sourceTree = "<group>"; };
		6CD82A1E22779EF30076E35F /* QuestionMessageModel.swift */ = {isa = PBXFileReference; lastKnownFileType = sourcecode.swift; path = QuestionMessageModel.swift; sourceTree = "<group>"; };
		6CD82A202277A0050076E35F /* DiscussionPostModel.swift */ = {isa = PBXFileReference; lastKnownFileType = sourcecode.swift; path = DiscussionPostModel.swift; sourceTree = "<group>"; };
		6CD82A222277A0B30076E35F /* QuestionsTableVC.swift */ = {isa = PBXFileReference; lastKnownFileType = sourcecode.swift; path = QuestionsTableVC.swift; sourceTree = "<group>"; };
		6CD82A242277A17B0076E35F /* Notifications.swift */ = {isa = PBXFileReference; fileEncoding = 4; lastKnownFileType = sourcecode.swift; name = Notifications.swift; path = ../../StudentApp/StudentApp/Notifications.swift; sourceTree = "<group>"; };
		6CD82A262277BF430076E35F /* QuestionPostCell.swift */ = {isa = PBXFileReference; lastKnownFileType = sourcecode.swift; path = QuestionPostCell.swift; sourceTree = "<group>"; };
		6CD82A282277C5920076E35F /* QuestionPostVC.swift */ = {isa = PBXFileReference; lastKnownFileType = sourcecode.swift; path = QuestionPostVC.swift; sourceTree = "<group>"; };
		6CD82A2D2277F0720076E35F /* EditQuizQuestionVC.swift */ = {isa = PBXFileReference; lastKnownFileType = sourcecode.swift; path = EditQuizQuestionVC.swift; sourceTree = "<group>"; };
		6CD82A2F2277F08C0076E35F /* QuizQuestionResultsVC.swift */ = {isa = PBXFileReference; lastKnownFileType = sourcecode.swift; path = QuizQuestionResultsVC.swift; sourceTree = "<group>"; };
		6CD82A312277F0AC0076E35F /* QuizQuestionsTableVC.swift */ = {isa = PBXFileReference; lastKnownFileType = sourcecode.swift; path = QuizQuestionsTableVC.swift; sourceTree = "<group>"; };
		6CD82A332277F10E0076E35F /* QuizVC.swift */ = {isa = PBXFileReference; lastKnownFileType = sourcecode.swift; path = QuizVC.swift; sourceTree = "<group>"; };
		6CD82A352277FF8D0076E35F /* ChildSegue.swift */ = {isa = PBXFileReference; lastKnownFileType = sourcecode.swift; path = ChildSegue.swift; sourceTree = "<group>"; };
		6CD82A37227804950076E35F /* QuizQuestionCell.swift */ = {isa = PBXFileReference; lastKnownFileType = sourcecode.swift; path = QuizQuestionCell.swift; sourceTree = "<group>"; };
		7ACF7E7022741168006B8275 /* TeacherApp.app */ = {isa = PBXFileReference; explicitFileType = wrapper.application; includeInIndex = 0; path = TeacherApp.app; sourceTree = BUILT_PRODUCTS_DIR; };
		7ACF7E7322741168006B8275 /* AppDelegate.swift */ = {isa = PBXFileReference; lastKnownFileType = sourcecode.swift; path = AppDelegate.swift; sourceTree = "<group>"; };
		7ACF7E7522741168006B8275 /* ViewController.swift */ = {isa = PBXFileReference; lastKnownFileType = sourcecode.swift; path = ViewController.swift; sourceTree = "<group>"; };
		7ACF7E7822741168006B8275 /* Base */ = {isa = PBXFileReference; lastKnownFileType = file.storyboard; name = Base; path = Base.lproj/Main.storyboard; sourceTree = "<group>"; };
		7ACF7E7A22741169006B8275 /* Assets.xcassets */ = {isa = PBXFileReference; lastKnownFileType = folder.assetcatalog; path = Assets.xcassets; sourceTree = "<group>"; };
		7ACF7E7D22741169006B8275 /* Base */ = {isa = PBXFileReference; lastKnownFileType = file.storyboard; name = Base; path = Base.lproj/LaunchScreen.storyboard; sourceTree = "<group>"; };
		7ACF7E7F22741169006B8275 /* Info.plist */ = {isa = PBXFileReference; lastKnownFileType = text.plist.xml; path = Info.plist; sourceTree = "<group>"; };
/* End PBXFileReference section */

/* Begin PBXFrameworksBuildPhase section */
		7ACF7E6D22741168006B8275 /* Frameworks */ = {
			isa = PBXFrameworksBuildPhase;
			buildActionMask = 2147483647;
			files = (
			);
			runOnlyForDeploymentPostprocessing = 0;
		};
/* End PBXFrameworksBuildPhase section */

/* Begin PBXGroup section */
		6CD82A2A2277D11B0076E35F /* Models */ = {
			isa = PBXGroup;
			children = (
				6CD82A14227684C10076E35F /* QuizModel.swift */,
				6CD82A1E22779EF30076E35F /* QuestionMessageModel.swift */,
				6CD82A202277A0050076E35F /* DiscussionPostModel.swift */,
			);
			path = Models;
			sourceTree = "<group>";
		};
		6CD82A2B2277F0160076E35F /* QuestionPostsControllers */ = {
			isa = PBXGroup;
			children = (
				6CD82A222277A0B30076E35F /* QuestionsTableVC.swift */,
				6CD82A262277BF430076E35F /* QuestionPostCell.swift */,
				6CD82A282277C5920076E35F /* QuestionPostVC.swift */,
			);
			path = QuestionPostsControllers;
			sourceTree = "<group>";
		};
		6CD82A2C2277F03A0076E35F /* QuizControllers */ = {
			isa = PBXGroup;
			children = (
				6CD82A2D2277F0720076E35F /* EditQuizQuestionVC.swift */,
				6CD82A2F2277F08C0076E35F /* QuizQuestionResultsVC.swift */,
				6CD82A312277F0AC0076E35F /* QuizQuestionsTableVC.swift */,
				6CD82A332277F10E0076E35F /* QuizVC.swift */,
				6CD82A37227804950076E35F /* QuizQuestionCell.swift */,
			);
			path = QuizControllers;
			sourceTree = "<group>";
		};
		7ACF7E6722741168006B8275 = {
			isa = PBXGroup;
			children = (
				7ACF7E7222741168006B8275 /* TeacherApp */,
				7ACF7E7122741168006B8275 /* Products */,
			);
			sourceTree = "<group>";
		};
		7ACF7E7122741168006B8275 /* Products */ = {
			isa = PBXGroup;
			children = (
				7ACF7E7022741168006B8275 /* TeacherApp.app */,
			);
			name = Products;
			sourceTree = "<group>";
		};
		7ACF7E7222741168006B8275 /* TeacherApp */ = {
			isa = PBXGroup;
			children = (
				6CD82A2C2277F03A0076E35F /* QuizControllers */,
				6CD82A2B2277F0160076E35F /* QuestionPostsControllers */,
				6CD82A2A2277D11B0076E35F /* Models */,
				6CD82A242277A17B0076E35F /* Notifications.swift */,
				6CD82A1C2276A12C0076E35F /* MessegeCoder.swift */,
				7ACF7E7322741168006B8275 /* AppDelegate.swift */,
				7ACF7E7522741168006B8275 /* ViewController.swift */,
				7ACF7E7722741168006B8275 /* Main.storyboard */,
				7ACF7E7A22741169006B8275 /* Assets.xcassets */,
				7ACF7E7C22741169006B8275 /* LaunchScreen.storyboard */,
				7ACF7E7F22741169006B8275 /* Info.plist */,
				6CD82A0C22754B320076E35F /* MultiPeerDriver.swift */,
				6CD82A352277FF8D0076E35F /* ChildSegue.swift */,
			);
			path = TeacherApp;
			sourceTree = "<group>";
		};
/* End PBXGroup section */

/* Begin PBXNativeTarget section */
		7ACF7E6F22741168006B8275 /* TeacherApp */ = {
			isa = PBXNativeTarget;
			buildConfigurationList = 7ACF7E8222741169006B8275 /* Build configuration list for PBXNativeTarget "TeacherApp" */;
			buildPhases = (
				7ACF7E6C22741168006B8275 /* Sources */,
				7ACF7E6D22741168006B8275 /* Frameworks */,
				7ACF7E6E22741168006B8275 /* Resources */,
			);
			buildRules = (
			);
			dependencies = (
			);
			name = TeacherApp;
			productName = TeacherApp;
			productReference = 7ACF7E7022741168006B8275 /* TeacherApp.app */;
			productType = "com.apple.product-type.application";
		};
/* End PBXNativeTarget section */

/* Begin PBXProject section */
		7ACF7E6822741168006B8275 /* Project object */ = {
			isa = PBXProject;
			attributes = {
				LastSwiftUpdateCheck = 1010;
				LastUpgradeCheck = 1010;
				ORGANIZATIONNAME = "Jackson Nelson-Gal + Ellis Saupe";
				TargetAttributes = {
					7ACF7E6F22741168006B8275 = {
						CreatedOnToolsVersion = 10.1;
					};
				};
			};
			buildConfigurationList = 7ACF7E6B22741168006B8275 /* Build configuration list for PBXProject "TeacherApp" */;
			compatibilityVersion = "Xcode 9.3";
			developmentRegion = en;
			hasScannedForEncodings = 0;
			knownRegions = (
				en,
				Base,
			);
			mainGroup = 7ACF7E6722741168006B8275;
			productRefGroup = 7ACF7E7122741168006B8275 /* Products */;
			projectDirPath = "";
			projectRoot = "";
			targets = (
				7ACF7E6F22741168006B8275 /* TeacherApp */,
			);
		};
/* End PBXProject section */

/* Begin PBXResourcesBuildPhase section */
		7ACF7E6E22741168006B8275 /* Resources */ = {
			isa = PBXResourcesBuildPhase;
			buildActionMask = 2147483647;
			files = (
				7ACF7E7E22741169006B8275 /* LaunchScreen.storyboard in Resources */,
				7ACF7E7B22741169006B8275 /* Assets.xcassets in Resources */,
				7ACF7E7922741168006B8275 /* Main.storyboard in Resources */,
			);
			runOnlyForDeploymentPostprocessing = 0;
		};
/* End PBXResourcesBuildPhase section */

/* Begin PBXSourcesBuildPhase section */
		7ACF7E6C22741168006B8275 /* Sources */ = {
			isa = PBXSourcesBuildPhase;
			buildActionMask = 2147483647;
			files = (
				6CD82A212277A0050076E35F /* DiscussionPostModel.swift in Sources */,
				6CD82A342277F10E0076E35F /* QuizVC.swift in Sources */,
				6CD82A1D2276A12C0076E35F /* MessegeCoder.swift in Sources */,
				6CD82A15227684C10076E35F /* QuizModel.swift in Sources */,
				6CD82A38227804950076E35F /* QuizQuestionCell.swift in Sources */,
				6CD82A292277C5920076E35F /* QuestionPostVC.swift in Sources */,
				6CD82A272277BF430076E35F /* QuestionPostCell.swift in Sources */,
				6CD82A252277A17B0076E35F /* Notifications.swift in Sources */,
				7ACF7E7622741168006B8275 /* ViewController.swift in Sources */,
				6CD82A362277FF8D0076E35F /* ChildSegue.swift in Sources */,
				7ACF7E7422741168006B8275 /* AppDelegate.swift in Sources */,
				6CD82A322277F0AC0076E35F /* QuizQuestionsTableVC.swift in Sources */,
				6CD82A232277A0B30076E35F /* QuestionsTableVC.swift in Sources */,
				6CD82A0D22754B320076E35F /* MultiPeerDriver.swift in Sources */,
				6CD82A2E2277F0720076E35F /* EditQuizQuestionVC.swift in Sources */,
				6CD82A1F22779EF30076E35F /* QuestionMessageModel.swift in Sources */,
				6CD82A302277F08C0076E35F /* QuizQuestionResultsVC.swift in Sources */,
			);
			runOnlyForDeploymentPostprocessing = 0;
		};
/* End PBXSourcesBuildPhase section */

/* Begin PBXVariantGroup section */
		7ACF7E7722741168006B8275 /* Main.storyboard */ = {
			isa = PBXVariantGroup;
			children = (
				7ACF7E7822741168006B8275 /* Base */,
			);
			name = Main.storyboard;
			sourceTree = "<group>";
		};
		7ACF7E7C22741169006B8275 /* LaunchScreen.storyboard */ = {
			isa = PBXVariantGroup;
			children = (
				7ACF7E7D22741169006B8275 /* Base */,
			);
			name = LaunchScreen.storyboard;
			sourceTree = "<group>";
		};
/* End PBXVariantGroup section */

/* Begin XCBuildConfiguration section */
		7ACF7E8022741169006B8275 /* Debug */ = {
			isa = XCBuildConfiguration;
			buildSettings = {
				ALWAYS_SEARCH_USER_PATHS = NO;
				CLANG_ANALYZER_NONNULL = YES;
				CLANG_ANALYZER_NUMBER_OBJECT_CONVERSION = YES_AGGRESSIVE;
				CLANG_CXX_LANGUAGE_STANDARD = "gnu++14";
				CLANG_CXX_LIBRARY = "libc++";
				CLANG_ENABLE_MODULES = YES;
				CLANG_ENABLE_OBJC_ARC = YES;
				CLANG_ENABLE_OBJC_WEAK = YES;
				CLANG_WARN_BLOCK_CAPTURE_AUTORELEASING = YES;
				CLANG_WARN_BOOL_CONVERSION = YES;
				CLANG_WARN_COMMA = YES;
				CLANG_WARN_CONSTANT_CONVERSION = YES;
				CLANG_WARN_DEPRECATED_OBJC_IMPLEMENTATIONS = YES;
				CLANG_WARN_DIRECT_OBJC_ISA_USAGE = YES_ERROR;
				CLANG_WARN_DOCUMENTATION_COMMENTS = YES;
				CLANG_WARN_EMPTY_BODY = YES;
				CLANG_WARN_ENUM_CONVERSION = YES;
				CLANG_WARN_INFINITE_RECURSION = YES;
				CLANG_WARN_INT_CONVERSION = YES;
				CLANG_WARN_NON_LITERAL_NULL_CONVERSION = YES;
				CLANG_WARN_OBJC_IMPLICIT_RETAIN_SELF = YES;
				CLANG_WARN_OBJC_LITERAL_CONVERSION = YES;
				CLANG_WARN_OBJC_ROOT_CLASS = YES_ERROR;
				CLANG_WARN_RANGE_LOOP_ANALYSIS = YES;
				CLANG_WARN_STRICT_PROTOTYPES = YES;
				CLANG_WARN_SUSPICIOUS_MOVE = YES;
				CLANG_WARN_UNGUARDED_AVAILABILITY = YES_AGGRESSIVE;
				CLANG_WARN_UNREACHABLE_CODE = YES;
				CLANG_WARN__DUPLICATE_METHOD_MATCH = YES;
				CODE_SIGN_IDENTITY = "iPhone Developer";
				COPY_PHASE_STRIP = NO;
				DEBUG_INFORMATION_FORMAT = dwarf;
				ENABLE_STRICT_OBJC_MSGSEND = YES;
				ENABLE_TESTABILITY = YES;
				GCC_C_LANGUAGE_STANDARD = gnu11;
				GCC_DYNAMIC_NO_PIC = NO;
				GCC_NO_COMMON_BLOCKS = YES;
				GCC_OPTIMIZATION_LEVEL = 0;
				GCC_PREPROCESSOR_DEFINITIONS = (
					"DEBUG=1",
					"$(inherited)",
				);
				GCC_WARN_64_TO_32_BIT_CONVERSION = YES;
				GCC_WARN_ABOUT_RETURN_TYPE = YES_ERROR;
				GCC_WARN_UNDECLARED_SELECTOR = YES;
				GCC_WARN_UNINITIALIZED_AUTOS = YES_AGGRESSIVE;
				GCC_WARN_UNUSED_FUNCTION = YES;
				GCC_WARN_UNUSED_VARIABLE = YES;
				IPHONEOS_DEPLOYMENT_TARGET = 12.1;
				MTL_ENABLE_DEBUG_INFO = INCLUDE_SOURCE;
				MTL_FAST_MATH = YES;
				ONLY_ACTIVE_ARCH = YES;
				SDKROOT = iphoneos;
				SWIFT_ACTIVE_COMPILATION_CONDITIONS = DEBUG;
				SWIFT_OPTIMIZATION_LEVEL = "-Onone";
			};
			name = Debug;
		};
		7ACF7E8122741169006B8275 /* Release */ = {
			isa = XCBuildConfiguration;
			buildSettings = {
				ALWAYS_SEARCH_USER_PATHS = NO;
				CLANG_ANALYZER_NONNULL = YES;
				CLANG_ANALYZER_NUMBER_OBJECT_CONVERSION = YES_AGGRESSIVE;
				CLANG_CXX_LANGUAGE_STANDARD = "gnu++14";
				CLANG_CXX_LIBRARY = "libc++";
				CLANG_ENABLE_MODULES = YES;
				CLANG_ENABLE_OBJC_ARC = YES;
				CLANG_ENABLE_OBJC_WEAK = YES;
				CLANG_WARN_BLOCK_CAPTURE_AUTORELEASING = YES;
				CLANG_WARN_BOOL_CONVERSION = YES;
				CLANG_WARN_COMMA = YES;
				CLANG_WARN_CONSTANT_CONVERSION = YES;
				CLANG_WARN_DEPRECATED_OBJC_IMPLEMENTATIONS = YES;
				CLANG_WARN_DIRECT_OBJC_ISA_USAGE = YES_ERROR;
				CLANG_WARN_DOCUMENTATION_COMMENTS = YES;
				CLANG_WARN_EMPTY_BODY = YES;
				CLANG_WARN_ENUM_CONVERSION = YES;
				CLANG_WARN_INFINITE_RECURSION = YES;
				CLANG_WARN_INT_CONVERSION = YES;
				CLANG_WARN_NON_LITERAL_NULL_CONVERSION = YES;
				CLANG_WARN_OBJC_IMPLICIT_RETAIN_SELF = YES;
				CLANG_WARN_OBJC_LITERAL_CONVERSION = YES;
				CLANG_WARN_OBJC_ROOT_CLASS = YES_ERROR;
				CLANG_WARN_RANGE_LOOP_ANALYSIS = YES;
				CLANG_WARN_STRICT_PROTOTYPES = YES;
				CLANG_WARN_SUSPICIOUS_MOVE = YES;
				CLANG_WARN_UNGUARDED_AVAILABILITY = YES_AGGRESSIVE;
				CLANG_WARN_UNREACHABLE_CODE = YES;
				CLANG_WARN__DUPLICATE_METHOD_MATCH = YES;
				CODE_SIGN_IDENTITY = "iPhone Developer";
				COPY_PHASE_STRIP = NO;
				DEBUG_INFORMATION_FORMAT = "dwarf-with-dsym";
				ENABLE_NS_ASSERTIONS = NO;
				ENABLE_STRICT_OBJC_MSGSEND = YES;
				GCC_C_LANGUAGE_STANDARD = gnu11;
				GCC_NO_COMMON_BLOCKS = YES;
				GCC_WARN_64_TO_32_BIT_CONVERSION = YES;
				GCC_WARN_ABOUT_RETURN_TYPE = YES_ERROR;
				GCC_WARN_UNDECLARED_SELECTOR = YES;
				GCC_WARN_UNINITIALIZED_AUTOS = YES_AGGRESSIVE;
				GCC_WARN_UNUSED_FUNCTION = YES;
				GCC_WARN_UNUSED_VARIABLE = YES;
				IPHONEOS_DEPLOYMENT_TARGET = 12.1;
				MTL_ENABLE_DEBUG_INFO = NO;
				MTL_FAST_MATH = YES;
				SDKROOT = iphoneos;
				SWIFT_COMPILATION_MODE = wholemodule;
				SWIFT_OPTIMIZATION_LEVEL = "-O";
				VALIDATE_PRODUCT = YES;
			};
			name = Release;
		};
		7ACF7E8322741169006B8275 /* Debug */ = {
			isa = XCBuildConfiguration;
			buildSettings = {
				ASSETCATALOG_COMPILER_APPICON_NAME = AppIcon;
				CODE_SIGN_STYLE = Automatic;
				DEVELOPMENT_TEAM = 23C8WG7Q9K;
				INFOPLIST_FILE = TeacherApp/Info.plist;
				IPHONEOS_DEPLOYMENT_TARGET = 11.3;
				LD_RUNPATH_SEARCH_PATHS = (
					"$(inherited)",
					"@executable_path/Frameworks",
				);
				PRODUCT_BUNDLE_IDENTIFIER = edu.jjn58.ems2362.TeacherApp;
				PRODUCT_NAME = "$(TARGET_NAME)";
				SWIFT_VERSION = 4.2;
				TARGETED_DEVICE_FAMILY = "1,2";
			};
			name = Debug;
		};
		7ACF7E8422741169006B8275 /* Release */ = {
			isa = XCBuildConfiguration;
			buildSettings = {
				ASSETCATALOG_COMPILER_APPICON_NAME = AppIcon;
				CODE_SIGN_STYLE = Automatic;
				DEVELOPMENT_TEAM = 23C8WG7Q9K;
				INFOPLIST_FILE = TeacherApp/Info.plist;
				IPHONEOS_DEPLOYMENT_TARGET = 11.3;
				LD_RUNPATH_SEARCH_PATHS = (
					"$(inherited)",
					"@executable_path/Frameworks",
				);
				PRODUCT_BUNDLE_IDENTIFIER = edu.jjn58.ems2362.TeacherApp;
				PRODUCT_NAME = "$(TARGET_NAME)";
				SWIFT_VERSION = 4.2;
				TARGETED_DEVICE_FAMILY = "1,2";
			};
			name = Release;
		};
/* End XCBuildConfiguration section */

/* Begin XCConfigurationList section */
		7ACF7E6B22741168006B8275 /* Build configuration list for PBXProject "TeacherApp" */ = {
			isa = XCConfigurationList;
			buildConfigurations = (
				7ACF7E8022741169006B8275 /* Debug */,
				7ACF7E8122741169006B8275 /* Release */,
			);
			defaultConfigurationIsVisible = 0;
			defaultConfigurationName = Release;
		};
		7ACF7E8222741169006B8275 /* Build configuration list for PBXNativeTarget "TeacherApp" */ = {
			isa = XCConfigurationList;
			buildConfigurations = (
				7ACF7E8322741169006B8275 /* Debug */,
				7ACF7E8422741169006B8275 /* Release */,
			);
			defaultConfigurationIsVisible = 0;
			defaultConfigurationName = Release;
		};
/* End XCConfigurationList section */
	};
	rootObject = 7ACF7E6822741168006B8275 /* Project object */;
}
